
Microsoft Visual Studio Solution File, Format Version 12.00
# Visual Studio 15
VisualStudioVersion = 15.0.28307.102
MinimumVisualStudioVersion = 10.0.40219.1
Project("{FAE04EC0-301F-11D3-BF4B-00C04F79EFBC}") = "rootAcademy", "rootAcademy\rootAcademy.csproj", "{5EF20CA7-6C92-4284-AD26-C651D34FA325}"
	ProjectSection(ProjectDependencies) = postProject
		{C29BF418-F2D5-422C-A255-925655A5601B} = {C29BF418-F2D5-422C-A255-925655A5601B}
		{4728C29A-32DE-4288-943A-ECE0FDD90295} = {4728C29A-32DE-4288-943A-ECE0FDD90295}
		{F148CBE3-53C6-482B-B5D8-EF377D23AD60} = {F148CBE3-53C6-482B-B5D8-EF377D23AD60}
	EndProjectSection
EndProject
Project("{FAE04EC0-301F-11D3-BF4B-00C04F79EFBC}") = "BE", "BE\BE.csproj", "{C29BF418-F2D5-422C-A255-925655A5601B}"
EndProject
Project("{FAE04EC0-301F-11D3-BF4B-00C04F79EFBC}") = "BLL", "BLL\BLL.csproj", "{F148CBE3-53C6-482B-B5D8-EF377D23AD60}"
	ProjectSection(ProjectDependencies) = postProject
		{C29BF418-F2D5-422C-A255-925655A5601B} = {C29BF418-F2D5-422C-A255-925655A5601B}
		{4728C29A-32DE-4288-943A-ECE0FDD90295} = {4728C29A-32DE-4288-943A-ECE0FDD90295}
	EndProjectSection
EndProject
Project("{FAE04EC0-301F-11D3-BF4B-00C04F79EFBC}") = "DAL", "DAL\DAL.csproj", "{4728C29A-32DE-4288-943A-ECE0FDD90295}"
	ProjectSection(ProjectDependencies) = postProject
		{C29BF418-F2D5-422C-A255-925655A5601B} = {C29BF418-F2D5-422C-A255-925655A5601B}
	EndProjectSection
EndProject
Global
	GlobalSection(SolutionConfigurationPlatforms) = preSolution
		Debug|Any CPU = Debug|Any CPU
		Release|Any CPU = Release|Any CPU
	EndGlobalSection
	GlobalSection(ProjectConfigurationPlatforms) = postSolution
		{5EF20CA7-6C92-4284-AD26-C651D34FA325}.Debug|Any CPU.ActiveCfg = Debug|Any CPU
		{5EF20CA7-6C92-4284-AD26-C651D34FA325}.Debug|Any CPU.Build.0 = Debug|Any CPU
		{5EF20CA7-6C92-4284-AD26-C651D34FA325}.Release|Any CPU.ActiveCfg = Release|Any CPU
		{5EF20CA7-6C92-4284-AD26-C651D34FA325}.Release|Any CPU.Build.0 = Release|Any CPU
		{C29BF418-F2D5-422C-A255-925655A5601B}.Debug|Any CPU.ActiveCfg = Debug|Any CPU
		{C29BF418-F2D5-422C-A255-925655A5601B}.Debug|Any CPU.Build.0 = Debug|Any CPU
		{C29BF418-F2D5-422C-A255-925655A5601B}.Release|Any CPU.ActiveCfg = Release|Any CPU
		{C29BF418-F2D5-422C-A255-925655A5601B}.Release|Any CPU.Build.0 = Release|Any CPU
		{F148CBE3-53C6-482B-B5D8-EF377D23AD60}.Debug|Any CPU.ActiveCfg = Debug|Any CPU
		{F148CBE3-53C6-482B-B5D8-EF377D23AD60}.Debug|Any CPU.Build.0 = Debug|Any CPU
		{F148CBE3-53C6-482B-B5D8-EF377D23AD60}.Release|Any CPU.ActiveCfg = Release|Any CPU
		{F148CBE3-53C6-482B-B5D8-EF377D23AD60}.Release|Any CPU.Build.0 = Release|Any CPU
		{4728C29A-32DE-4288-943A-ECE0FDD90295}.Debug|Any CPU.ActiveCfg = Debug|Any CPU
		{4728C29A-32DE-4288-943A-ECE0FDD90295}.Debug|Any CPU.Build.0 = Debug|Any CPU
		{4728C29A-32DE-4288-943A-ECE0FDD90295}.Release|Any CPU.ActiveCfg = Release|Any CPU
		{4728C29A-32DE-4288-943A-ECE0FDD90295}.Release|Any CPU.Build.0 = Release|Any CPU
	EndGlobalSection
	GlobalSection(SolutionProperties) = preSolution
		HideSolutionNode = FALSE
	EndGlobalSection
	GlobalSection(ExtensibilityGlobals) = postSolution
		SolutionGuid = {5ED82B11-E81E-4C99-B500-28EE7495D028}
	EndGlobalSection
EndGlobal
